{
    "_meta": {
        "hash": {
            "sha256": "b3a055dce7a4a042495094162be152cdf2ead076b9633b5d3958e570e8d413c7"
        },
        "pipfile-spec": 6,
        "requires": {
            "python_version": "3.6"
        },
        "sources": [
            {
                "name": "pypi",
                "url": "https://pypi.org/simple",
                "verify_ssl": true
            }
        ]
    },
    "default": {
        "django-graphene-permissions": {
            "hashes": [
                "sha256:5ed879e9031519ed9f03d5a39794968374fccf9bbb8d89f0a91337b657285ccd",
                "sha256:837d45f621c26fa8fba332139dfbd70aa80c54fba618b27357957360170203e4"
            ],
            "index": "pypi",
            "version": "==0.0.4"
        }
    },
    "develop": {}
}
